
Microsoft Visual Studio Solution File, Format Version 12.00
# Visual Studio 15
VisualStudioVersion = 15.0.27428.2005
MinimumVisualStudioVersion = 10.0.40219.1
Project("{9A19103F-16F7-4668-BE54-9A1E7A4F7556}") = "MiQueridoEnfermito.COMMON", "MiQueridoEnfermito.COMMON\MiQueridoEnfermito.COMMON.csproj", "{D19BFBF4-5E60-42AB-B694-D6C97D0F38C9}"
EndProject
Project("{9A19103F-16F7-4668-BE54-9A1E7A4F7556}") = "MiQueridoEnfermito.DAL", "MiQueridoEnfermito.DAL\MiQueridoEnfermito.DAL.csproj", "{43A9F3F3-4394-41F9-9B1C-00242DB0E863}"
EndProject
Project("{FAE04EC0-301F-11D3-BF4B-00C04F79EFBC}") = "MiQueridoEnfermito.BIZ", "MiQueridoEnfermito.BIZ\MiQueridoEnfermito.BIZ.csproj", "{EE6ACDC1-E015-435A-9198-43284871434B}"
EndProject
Project("{FAE04EC0-301F-11D3-BF4B-00C04F79EFBC}") = "MiQueridoEnfermito.GUI.Administrador", "MiQueridoEnfermito.GUI.Administrador\MiQueridoEnfermito.GUI.Administrador.csproj", "{A1309C27-B454-40B1-A072-FB86EA132158}"
EndProject
Global
	GlobalSection(SolutionConfigurationPlatforms) = preSolution
		Debug|Any CPU = Debug|Any CPU
		Release|Any CPU = Release|Any CPU
	EndGlobalSection
	GlobalSection(ProjectConfigurationPlatforms) = postSolution
		{D19BFBF4-5E60-42AB-B694-D6C97D0F38C9}.Debug|Any CPU.ActiveCfg = Debug|Any CPU
		{D19BFBF4-5E60-42AB-B694-D6C97D0F38C9}.Debug|Any CPU.Build.0 = Debug|Any CPU
		{D19BFBF4-5E60-42AB-B694-D6C97D0F38C9}.Release|Any CPU.ActiveCfg = Release|Any CPU
		{D19BFBF4-5E60-42AB-B694-D6C97D0F38C9}.Release|Any CPU.Build.0 = Release|Any CPU
		{43A9F3F3-4394-41F9-9B1C-00242DB0E863}.Debug|Any CPU.ActiveCfg = Debug|Any CPU
		{43A9F3F3-4394-41F9-9B1C-00242DB0E863}.Debug|Any CPU.Build.0 = Debug|Any CPU
		{43A9F3F3-4394-41F9-9B1C-00242DB0E863}.Release|Any CPU.ActiveCfg = Release|Any CPU
		{43A9F3F3-4394-41F9-9B1C-00242DB0E863}.Release|Any CPU.Build.0 = Release|Any CPU
		{EE6ACDC1-E015-435A-9198-43284871434B}.Debug|Any CPU.ActiveCfg = Debug|Any CPU
		{EE6ACDC1-E015-435A-9198-43284871434B}.Debug|Any CPU.Build.0 = Debug|Any CPU
		{EE6ACDC1-E015-435A-9198-43284871434B}.Release|Any CPU.ActiveCfg = Release|Any CPU
		{EE6ACDC1-E015-435A-9198-43284871434B}.Release|Any CPU.Build.0 = Release|Any CPU
		{A1309C27-B454-40B1-A072-FB86EA132158}.Debug|Any CPU.ActiveCfg = Debug|Any CPU
		{A1309C27-B454-40B1-A072-FB86EA132158}.Debug|Any CPU.Build.0 = Debug|Any CPU
		{A1309C27-B454-40B1-A072-FB86EA132158}.Release|Any CPU.ActiveCfg = Release|Any CPU
		{A1309C27-B454-40B1-A072-FB86EA132158}.Release|Any CPU.Build.0 = Release|Any CPU
	EndGlobalSection
	GlobalSection(SolutionProperties) = preSolution
		HideSolutionNode = FALSE
	EndGlobalSection
	GlobalSection(ExtensibilityGlobals) = postSolution
		SolutionGuid = {2A5C6E59-E3E1-4615-9E1D-37E39268CBA2}
	EndGlobalSection
EndGlobal
